{
  "name": "template",
  "version": "0.0.1-SNAPSHOT",
  "lockfileVersion": 3,
  "requires": true,
  "packages": {
    "": {
      "name": "template",
      "version": "0.0.1-SNAPSHOT",
      "workspaces": [
        "packages/template-template-module",
        "packages/template-template-module-test"
      ],
      "devDependencies": {}
    },
    "node_modules/template-template-module": {
      "resolved": "packages/template-template-module",
      "link": true
    },
    "node_modules/template-template-module-test": {
      "resolved": "packages/template-template-module-test",
      "link": true
    },
    "packages/template-template-module": {
      "version": "0.0.1-SNAPSHOT",
      "devDependencies": {}
    },
    "packages/template-template-module-test": {
      "version": "0.0.1-SNAPSHOT",
      "devDependencies": {}
    }
  }
}
